// !$*UTF8*$!
{
	archiveVersion = 1;
	classes = {
	};
	objectVersion = 48;
	objects = {

/* Begin PBXBuildFile section */
		51DEE8D820514109009E0367 /* AppDelegate.swift in Sources */ = {isa = PBXBuildFile; fileRef = 51DEE8D720514109009E0367 /* AppDelegate.swift */; };
		51DEE8DA20514109009E0367 /* ViewController.swift in Sources */ = {isa = PBXBuildFile; fileRef = 51DEE8D920514109009E0367 /* ViewController.swift */; };
		51DEE8DD20514109009E0367 /* Main.storyboard in Resources */ = {isa = PBXBuildFile; fileRef = 51DEE8DB20514109009E0367 /* Main.storyboard */; };
		51DEE8DF20514109009E0367 /* Assets.xcassets in Resources */ = {isa = PBXBuildFile; fileRef = 51DEE8DE20514109009E0367 /* Assets.xcassets */; };
		51DEE8E220514109009E0367 /* LaunchScreen.storyboard in Resources */ = {isa = PBXBuildFile; fileRef = 51DEE8E020514109009E0367 /* LaunchScreen.storyboard */; };
		51DEE92020514DA1009E0367 /* PayementFramework.framework in Frameworks */ = {isa = PBXBuildFile; fileRef = 51DEE91920514C9F009E0367 /* PayementFramework.framework */; };
		51DEE92120514DA1009E0367 /* PayementFramework.framework in Embed Frameworks */ = {isa = PBXBuildFile; fileRef = 51DEE91920514C9F009E0367 /* PayementFramework.framework */; settings = {ATTRIBUTES = (CodeSignOnCopy, RemoveHeadersOnCopy, ); }; };
		51DEE92720515059009E0367 /* CardDetaildViewController.swift in Sources */ = {isa = PBXBuildFile; fileRef = 51DEE92520515059009E0367 /* CardDetaildViewController.swift */; };
		51DEE92820515059009E0367 /* CardDetaildViewController.xib in Resources */ = {isa = PBXBuildFile; fileRef = 51DEE92620515059009E0367 /* CardDetaildViewController.xib */; };
/* End PBXBuildFile section */

/* Begin PBXContainerItemProxy section */
		51DEE91820514C9F009E0367 /* PBXContainerItemProxy */ = {
			isa = PBXContainerItemProxy;
			containerPortal = 51DEE91420514C9F009E0367 /* PayementFramework.xcodeproj */;
			proxyType = 2;
			remoteGlobalIDString = 51DEE90720514C5E009E0367;
			remoteInfo = PayementFramework;
		};
		51DEE92220514DA1009E0367 /* PBXContainerItemProxy */ = {
			isa = PBXContainerItemProxy;
			containerPortal = 51DEE91420514C9F009E0367 /* PayementFramework.xcodeproj */;
			proxyType = 1;
			remoteGlobalIDString = 51DEE90620514C5E009E0367;
			remoteInfo = PayementFramework;
		};
/* End PBXContainerItemProxy section */

/* Begin PBXCopyFilesBuildPhase section */
		51DEE92420514DA1009E0367 /* Embed Frameworks */ = {
			isa = PBXCopyFilesBuildPhase;
			buildActionMask = 2147483647;
			dstPath = "";
			dstSubfolderSpec = 10;
			files = (
				51DEE92120514DA1009E0367 /* PayementFramework.framework in Embed Frameworks */,
			);
			name = "Embed Frameworks";
			runOnlyForDeploymentPostprocessing = 0;
		};
/* End PBXCopyFilesBuildPhase section */

/* Begin PBXFileReference section */
		51DEE8D420514109009E0367 /* RMDelegateWithCompletion.app */ = {isa = PBXFileReference; explicitFileType = wrapper.application; includeInIndex = 0; path = RMDelegateWithCompletion.app; sourceTree = BUILT_PRODUCTS_DIR; };
		51DEE8D720514109009E0367 /* AppDelegate.swift */ = {isa = PBXFileReference; lastKnownFileType = sourcecode.swift; path = AppDelegate.swift; sourceTree = "<group>"; };
		51DEE8D920514109009E0367 /* ViewController.swift */ = {isa = PBXFileReference; lastKnownFileType = sourcecode.swift; path = ViewController.swift; sourceTree = "<group>"; };
		51DEE8DC20514109009E0367 /* Base */ = {isa = PBXFileReference; lastKnownFileType = file.storyboard; name = Base; path = Base.lproj/Main.storyboard; sourceTree = "<group>"; };
		51DEE8DE20514109009E0367 /* Assets.xcassets */ = {isa = PBXFileReference; lastKnownFileType = folder.assetcatalog; path = Assets.xcassets; sourceTree = "<group>"; };
		51DEE8E120514109009E0367 /* Base */ = {isa = PBXFileReference; lastKnownFileType = file.storyboard; name = Base; path = Base.lproj/LaunchScreen.storyboard; sourceTree = "<group>"; };
		51DEE8E320514109009E0367 /* Info.plist */ = {isa = PBXFileReference; lastKnownFileType = text.plist.xml; path = Info.plist; sourceTree = "<group>"; };
		51DEE91420514C9F009E0367 /* PayementFramework.xcodeproj */ = {isa = PBXFileReference; lastKnownFileType = "wrapper.pb-project"; name = PayementFramework.xcodeproj; path = ../PayementFramework/PayementFramework.xcodeproj; sourceTree = "<group>"; };
		51DEE92520515059009E0367 /* CardDetaildViewController.swift */ = {isa = PBXFileReference; lastKnownFileType = sourcecode.swift; path = CardDetaildViewController.swift; sourceTree = "<group>"; };
		51DEE92620515059009E0367 /* CardDetaildViewController.xib */ = {isa = PBXFileReference; lastKnownFileType = file.xib; path = CardDetaildViewController.xib; sourceTree = "<group>"; };
/* End PBXFileReference section */

/* Begin PBXFrameworksBuildPhase section */
		51DEE8D120514109009E0367 /* Frameworks */ = {
			isa = PBXFrameworksBuildPhase;
			buildActionMask = 2147483647;
			files = (
				51DEE92020514DA1009E0367 /* PayementFramework.framework in Frameworks */,
			);
			runOnlyForDeploymentPostprocessing = 0;
		};
/* End PBXFrameworksBuildPhase section */

/* Begin PBXGroup section */
		51DEE8CB20514109009E0367 = {
			isa = PBXGroup;
			children = (
				51DEE91420514C9F009E0367 /* PayementFramework.xcodeproj */,
				51DEE8D620514109009E0367 /* RMDelegateWithCompletion */,
				51DEE8D520514109009E0367 /* Products */,
				51DEE91A20514CAC009E0367 /* Frameworks */,
			);
			sourceTree = "<group>";
		};
		51DEE8D520514109009E0367 /* Products */ = {
			isa = PBXGroup;
			children = (
				51DEE8D420514109009E0367 /* RMDelegateWithCompletion.app */,
			);
			name = Products;
			sourceTree = "<group>";
		};
		51DEE8D620514109009E0367 /* RMDelegateWithCompletion */ = {
			isa = PBXGroup;
			children = (
				51DEE8D720514109009E0367 /* AppDelegate.swift */,
				51DEE8D920514109009E0367 /* ViewController.swift */,
				51DEE92520515059009E0367 /* CardDetaildViewController.swift */,
				51DEE92620515059009E0367 /* CardDetaildViewController.xib */,
				51DEE8DB20514109009E0367 /* Main.storyboard */,
				51DEE8DE20514109009E0367 /* Assets.xcassets */,
				51DEE8E020514109009E0367 /* LaunchScreen.storyboard */,
				51DEE8E320514109009E0367 /* Info.plist */,
			);
			path = RMDelegateWithCompletion;
			sourceTree = "<group>";
		};
		51DEE91520514C9F009E0367 /* Products */ = {
			isa = PBXGroup;
			children = (
				51DEE91920514C9F009E0367 /* PayementFramework.framework */,
			);
			name = Products;
			sourceTree = "<group>";
		};
		51DEE91A20514CAC009E0367 /* Frameworks */ = {
			isa = PBXGroup;
			children = (
			);
			name = Frameworks;
			sourceTree = "<group>";
		};
/* End PBXGroup section */

/* Begin PBXNativeTarget section */
		51DEE8D320514109009E0367 /* RMDelegateWithCompletion */ = {
			isa = PBXNativeTarget;
			buildConfigurationList = 51DEE8E620514109009E0367 /* Build configuration list for PBXNativeTarget "RMDelegateWithCompletion" */;
			buildPhases = (
				51DEE8D020514109009E0367 /* Sources */,
				51DEE8D120514109009E0367 /* Frameworks */,
				51DEE8D220514109009E0367 /* Resources */,
				51DEE92420514DA1009E0367 /* Embed Frameworks */,
			);
			buildRules = (
			);
			dependencies = (
				51DEE92320514DA1009E0367 /* PBXTargetDependency */,
			);
			name = RMDelegateWithCompletion;
			productName = RMDelegateWithCompletion;
			productReference = 51DEE8D420514109009E0367 /* RMDelegateWithCompletion.app */;
			productType = "com.apple.product-type.application";
		};
/* End PBXNativeTarget section */

/* Begin PBXProject section */
		51DEE8CC20514109009E0367 /* Project object */ = {
			isa = PBXProject;
			attributes = {
				LastSwiftUpdateCheck = 0920;
				LastUpgradeCheck = 0920;
				ORGANIZATIONNAME = RedMakApps;
				TargetAttributes = {
					51DEE8D320514109009E0367 = {
						CreatedOnToolsVersion = 9.2;
						ProvisioningStyle = Automatic;
					};
				};
			};
			buildConfigurationList = 51DEE8CF20514109009E0367 /* Build configuration list for PBXProject "RMDelegateWithCompletion" */;
			compatibilityVersion = "Xcode 8.0";
			developmentRegion = en;
			hasScannedForEncodings = 0;
			knownRegions = (
				en,
				Base,
			);
			mainGroup = 51DEE8CB20514109009E0367;
			productRefGroup = 51DEE8D520514109009E0367 /* Products */;
			projectDirPath = "";
			projectReferences = (
				{
					ProductGroup = 51DEE91520514C9F009E0367 /* Products */;
					ProjectRef = 51DEE91420514C9F009E0367 /* PayementFramework.xcodeproj */;
				},
			);
			projectRoot = "";
			targets = (
				51DEE8D320514109009E0367 /* RMDelegateWithCompletion */,
			);
		};
/* End PBXProject section */

/* Begin PBXReferenceProxy section */
		51DEE91920514C9F009E0367 /* PayementFramework.framework */ = {
			isa = PBXReferenceProxy;
			fileType = wrapper.framework;
			path = PayementFramework.framework;
			remoteRef = 51DEE91820514C9F009E0367 /* PBXContainerItemProxy */;
			sourceTree = BUILT_PRODUCTS_DIR;
		};
/* End PBXReferenceProxy section */

/* Begin PBXResourcesBuildPhase section */
		51DEE8D220514109009E0367 /* Resources */ = {
			isa = PBXResourcesBuildPhase;
			buildActionMask = 2147483647;
			files = (
				51DEE8E220514109009E0367 /* LaunchScreen.storyboard in Resources */,
				51DEE8DF20514109009E0367 /* Assets.xcassets in Resources */,
				51DEE92820515059009E0367 /* CardDetaildViewController.xib in Resources */,
				51DEE8DD20514109009E0367 /* Main.storyboard in Resources */,
			);
			runOnlyForDeploymentPostprocessing = 0;
		};
/* End PBXResourcesBuildPhase section */

/* Begin PBXSourcesBuildPhase section */
		51DEE8D020514109009E0367 /* Sources */ = {
			isa = PBXSourcesBuildPhase;
			buildActionMask = 2147483647;
			files = (
				51DEE8DA20514109009E0367 /* ViewController.swift in Sources */,
				51DEE92720515059009E0367 /* CardDetaildViewController.swift in Sources */,
				51DEE8D820514109009E0367 /* AppDelegate.swift in Sources */,
			);
			runOnlyForDeploymentPostprocessing = 0;
		};
/* End PBXSourcesBuildPhase section */

/* Begin PBXTargetDependency section */
		51DEE92320514DA1009E0367 /* PBXTargetDependency */ = {
			isa = PBXTargetDependency;
			name = PayementFramework;
			targetProxy = 51DEE92220514DA1009E0367 /* PBXContainerItemProxy */;
		};
/* End PBXTargetDependency section */

/* Begin PBXVariantGroup section */
		51DEE8DB20514109009E0367 /* Main.storyboard */ = {
			isa = PBXVariantGroup;
			children = (
				51DEE8DC20514109009E0367 /* Base */,
			);
			name = Main.storyboard;
			sourceTree = "<group>";
		};
		51DEE8E020514109009E0367 /* LaunchScreen.storyboard */ = {
			isa = PBXVariantGroup;
			children = (
				51DEE8E120514109009E0367 /* Base */,
			);
			name = LaunchScreen.storyboard;
			sourceTree = "<group>";
		};
/* End PBXVariantGroup section */

/* Begin XCBuildConfiguration section */
		51DEE8E420514109009E0367 /* Debug */ = {
			isa = XCBuildConfiguration;
			buildSettings = {
				ALWAYS_SEARCH_USER_PATHS = NO;
				CLANG_ANALYZER_NONNULL = YES;
				CLANG_ANALYZER_NUMBER_OBJECT_CONVERSION = YES_AGGRESSIVE;
				CLANG_CXX_LANGUAGE_STANDARD = "gnu++14";
				CLANG_CXX_LIBRARY = "libc++";
				CLANG_ENABLE_MODULES = YES;
				CLANG_ENABLE_OBJC_ARC = YES;
				CLANG_WARN_BLOCK_CAPTURE_AUTORELEASING = YES;
				CLANG_WARN_BOOL_CONVERSION = YES;
				CLANG_WARN_COMMA = YES;
				CLANG_WARN_CONSTANT_CONVERSION = YES;
				CLANG_WARN_DIRECT_OBJC_ISA_USAGE = YES_ERROR;
				CLANG_WARN_DOCUMENTATION_COMMENTS = YES;
				CLANG_WARN_EMPTY_BODY = YES;
				CLANG_WARN_ENUM_CONVERSION = YES;
				CLANG_WARN_INFINITE_RECURSION = YES;
				CLANG_WARN_INT_CONVERSION = YES;
				CLANG_WARN_NON_LITERAL_NULL_CONVERSION = YES;
				CLANG_WARN_OBJC_LITERAL_CONVERSION = YES;
				CLANG_WARN_OBJC_ROOT_CLASS = YES_ERROR;
				CLANG_WARN_RANGE_LOOP_ANALYSIS = YES;
				CLANG_WARN_STRICT_PROTOTYPES = YES;
				CLANG_WARN_SUSPICIOUS_MOVE = YES;
				CLANG_WARN_UNGUARDED_AVAILABILITY = YES_AGGRESSIVE;
				CLANG_WARN_UNREACHABLE_CODE = YES;
				CLANG_WARN__DUPLICATE_METHOD_MATCH = YES;
				CODE_SIGN_IDENTITY = "iPhone Developer";
				COPY_PHASE_STRIP = NO;
				DEBUG_INFORMATION_FORMAT = dwarf;
				ENABLE_STRICT_OBJC_MSGSEND = YES;
				ENABLE_TESTABILITY = YES;
				GCC_C_LANGUAGE_STANDARD = gnu11;
				GCC_DYNAMIC_NO_PIC = NO;
				GCC_NO_COMMON_BLOCKS = YES;
				GCC_OPTIMIZATION_LEVEL = 0;
				GCC_PREPROCESSOR_DEFINITIONS = (
					"DEBUG=1",
					"$(inherited)",
				);
				GCC_WARN_64_TO_32_BIT_CONVERSION = YES;
				GCC_WARN_ABOUT_RETURN_TYPE = YES_ERROR;
				GCC_WARN_UNDECLARED_SELECTOR = YES;
				GCC_WARN_UNINITIALIZED_AUTOS = YES_AGGRESSIVE;
				GCC_WARN_UNUSED_FUNCTION = YES;
				GCC_WARN_UNUSED_VARIABLE = YES;
				IPHONEOS_DEPLOYMENT_TARGET = 11.2;
				MTL_ENABLE_DEBUG_INFO = YES;
				ONLY_ACTIVE_ARCH = YES;
				SDKROOT = iphoneos;
				SWIFT_ACTIVE_COMPILATION_CONDITIONS = DEBUG;
				SWIFT_OPTIMIZATION_LEVEL = "-Onone";
			};
			name = Debug;
		};
		51DEE8E520514109009E0367 /* Release */ = {
			isa = XCBuildConfiguration;
			buildSettings = {
				ALWAYS_SEARCH_USER_PATHS = NO;
				CLANG_ANALYZER_NONNULL = YES;
				CLANG_ANALYZER_NUMBER_OBJECT_CONVERSION = YES_AGGRESSIVE;
				CLANG_CXX_LANGUAGE_STANDARD = "gnu++14";
				CLANG_CXX_LIBRARY = "libc++";
				CLANG_ENABLE_MODULES = YES;
				CLANG_ENABLE_OBJC_ARC = YES;
				CLANG_WARN_BLOCK_CAPTURE_AUTORELEASING = YES;
				CLANG_WARN_BOOL_CONVERSION = YES;
				CLANG_WARN_COMMA = YES;
				CLANG_WARN_CONSTANT_CONVERSION = YES;
				CLANG_WARN_DIRECT_OBJC_ISA_USAGE = YES_ERROR;
				CLANG_WARN_DOCUMENTATION_COMMENTS = YES;
				CLANG_WARN_EMPTY_BODY = YES;
				CLANG_WARN_ENUM_CONVERSION = YES;
				CLANG_WARN_INFINITE_RECURSION = YES;
				CLANG_WARN_INT_CONVERSION = YES;
				CLANG_WARN_NON_LITERAL_NULL_CONVERSION = YES;
				CLANG_WARN_OBJC_LITERAL_CONVERSION = YES;
				CLANG_WARN_OBJC_ROOT_CLASS = YES_ERROR;
				CLANG_WARN_RANGE_LOOP_ANALYSIS = YES;
				CLANG_WARN_STRICT_PROTOTYPES = YES;
				CLANG_WARN_SUSPICIOUS_MOVE = YES;
				CLANG_WARN_UNGUARDED_AVAILABILITY = YES_AGGRESSIVE;
				CLANG_WARN_UNREACHABLE_CODE = YES;
				CLANG_WARN__DUPLICATE_METHOD_MATCH = YES;
				CODE_SIGN_IDENTITY = "iPhone Developer";
				COPY_PHASE_STRIP = NO;
				DEBUG_INFORMATION_FORMAT = "dwarf-with-dsym";
				ENABLE_NS_ASSERTIONS = NO;
				ENABLE_STRICT_OBJC_MSGSEND = YES;
				GCC_C_LANGUAGE_STANDARD = gnu11;
				GCC_NO_COMMON_BLOCKS = YES;
				GCC_WARN_64_TO_32_BIT_CONVERSION = YES;
				GCC_WARN_ABOUT_RETURN_TYPE = YES_ERROR;
				GCC_WARN_UNDECLARED_SELECTOR = YES;
				GCC_WARN_UNINITIALIZED_AUTOS = YES_AGGRESSIVE;
				GCC_WARN_UNUSED_FUNCTION = YES;
				GCC_WARN_UNUSED_VARIABLE = YES;
				IPHONEOS_DEPLOYMENT_TARGET = 11.2;
				MTL_ENABLE_DEBUG_INFO = NO;
				SDKROOT = iphoneos;
				SWIFT_OPTIMIZATION_LEVEL = "-Owholemodule";
				VALIDATE_PRODUCT = YES;
			};
			name = Release;
		};
		51DEE8E720514109009E0367 /* Debug */ = {
			isa = XCBuildConfiguration;
			buildSettings = {
				ALWAYS_EMBED_SWIFT_STANDARD_LIBRARIES = YES;
				ASSETCATALOG_COMPILER_APPICON_NAME = AppIcon;
				CODE_SIGN_STYLE = Automatic;
				DEVELOPMENT_TEAM = HD7UMSM533;
				INFOPLIST_FILE = RMDelegateWithCompletion/Info.plist;
				LD_RUNPATH_SEARCH_PATHS = "$(inherited) @executable_path/Frameworks";
				PRODUCT_BUNDLE_IDENTIFIER = com.redmakapps.RMDelegateWithCompletion;
				PRODUCT_NAME = "$(TARGET_NAME)";
				SWIFT_VERSION = 4.0;
				TARGETED_DEVICE_FAMILY = "1,2";
			};
			name = Debug;
		};
		51DEE8E820514109009E0367 /* Release */ = {
			isa = XCBuildConfiguration;
			buildSettings = {
				ALWAYS_EMBED_SWIFT_STANDARD_LIBRARIES = YES;
				ASSETCATALOG_COMPILER_APPICON_NAME = AppIcon;
				CODE_SIGN_STYLE = Automatic;
				DEVELOPMENT_TEAM = HD7UMSM533;
				INFOPLIST_FILE = RMDelegateWithCompletion/Info.plist;
				LD_RUNPATH_SEARCH_PATHS = "$(inherited) @executable_path/Frameworks";
				PRODUCT_BUNDLE_IDENTIFIER = com.redmakapps.RMDelegateWithCompletion;
				PRODUCT_NAME = "$(TARGET_NAME)";
				SWIFT_VERSION = 4.0;
				TARGETED_DEVICE_FAMILY = "1,2";
			};
			name = Release;
		};
/* End XCBuildConfiguration section */

/* Begin XCConfigurationList section */
		51DEE8CF20514109009E0367 /* Build configuration list for PBXProject "RMDelegateWithCompletion" */ = {
			isa = XCConfigurationList;
			buildConfigurations = (
				51DEE8E420514109009E0367 /* Debug */,
				51DEE8E520514109009E0367 /* Release */,
			);
			defaultConfigurationIsVisible = 0;
			defaultConfigurationName = Release;
		};
		51DEE8E620514109009E0367 /* Build configuration list for PBXNativeTarget "RMDelegateWithCompletion" */ = {
			isa = XCConfigurationList;
			buildConfigurations = (
				51DEE8E720514109009E0367 /* Debug */,
				51DEE8E820514109009E0367 /* Release */,
			);
			defaultConfigurationIsVisible = 0;
			defaultConfigurationName = Release;
		};
/* End XCConfigurationList section */
	};
	rootObject = 51DEE8CC20514109009E0367 /* Project object */;
}
